{
  "name": "spdx-sbom-generator-docker-action",
  "lockfileVersion": 2,
  "requires": true,
  "packages": {
    "": {
      "dependencies": {
        "example": "^0.0.0"
      }
    },
    "node_modules/example": {
      "version": "0.0.0",
      "resolved": "https://registry.npmjs.org/example/-/example-0.0.0.tgz",
      "integrity": "sha512-11vRu9mdKaV2+ju4HUr5qcNs+zvMfo4jnFr34DAT5uZWew5f+ahh5MCiES2Z4gLxjNcfby1d3gxTPDtFzmVr+A=="
    }
  },
  "dependencies": {
    "example": {
      "version": "0.0.0",
      "resolved": "https://registry.npmjs.org/example/-/example-0.0.0.tgz",
      "integrity": "sha512-11vRu9mdKaV2+ju4HUr5qcNs+zvMfo4jnFr34DAT5uZWew5f+ahh5MCiES2Z4gLxjNcfby1d3gxTPDtFzmVr+A=="
    }
  }
}
